
Microsoft Visual Studio Solution File, Format Version 12.00
# Visual Studio 15
Project("{FAE04EC0-301F-11D3-BF4B-00C04F79EFBC}") = "Assembly-CSharp", "Assembly-CSharp.csproj", "{881853E7-E420-AFA8-EC6A-8BF7AB8244A6}"
EndProject
Global
	GlobalSection(SolutionConfigurationPlatforms) = preSolution
		Debug|Any CPU = Debug|Any CPU
		Release|Any CPU = Release|Any CPU
	EndGlobalSection
	GlobalSection(ProjectConfigurationPlatforms) = postSolution
		{881853E7-E420-AFA8-EC6A-8BF7AB8244A6}.Debug|Any CPU.ActiveCfg = Debug|Any CPU
		{881853E7-E420-AFA8-EC6A-8BF7AB8244A6}.Debug|Any CPU.Build.0 = Debug|Any CPU
		{881853E7-E420-AFA8-EC6A-8BF7AB8244A6}.Release|Any CPU.ActiveCfg = Release|Any CPU
		{881853E7-E420-AFA8-EC6A-8BF7AB8244A6}.Release|Any CPU.Build.0 = Release|Any CPU
	EndGlobalSection
	GlobalSection(SolutionProperties) = preSolution
		HideSolutionNode = FALSE
	EndGlobalSection
EndGlobal
